
Microsoft Visual Studio Solution File, Format Version 12.00
# Visual Studio 14
VisualStudioVersion = 14.0.25420.1
MinimumVisualStudioVersion = 10.0.40219.1
Project("{2150E333-8FDC-42A3-9474-1A3956D46DE8}") = "src", "src", "{03165CCE-4304-4DFD-935E-5B4340041C7D}"
EndProject
Project("{FAE04EC0-301F-11D3-BF4B-00C04F79EFBC}") = "ServerlessWorkshop.EntityModels", "src\ServerlessWorkshop.EntityModels\ServerlessWorkshop.EntityModels.csproj", "{BACD8D27-1445-4E7C-B3FF-B10058A89E50}"
EndProject
Global
	GlobalSection(SolutionConfigurationPlatforms) = preSolution
		Debug|Any CPU = Debug|Any CPU
		Release|Any CPU = Release|Any CPU
	EndGlobalSection
	GlobalSection(ProjectConfigurationPlatforms) = postSolution
		{BACD8D27-1445-4E7C-B3FF-B10058A89E50}.Debug|Any CPU.ActiveCfg = Debug|Any CPU
		{BACD8D27-1445-4E7C-B3FF-B10058A89E50}.Debug|Any CPU.Build.0 = Debug|Any CPU
		{BACD8D27-1445-4E7C-B3FF-B10058A89E50}.Release|Any CPU.ActiveCfg = Release|Any CPU
		{BACD8D27-1445-4E7C-B3FF-B10058A89E50}.Release|Any CPU.Build.0 = Release|Any CPU
	EndGlobalSection
	GlobalSection(SolutionProperties) = preSolution
		HideSolutionNode = FALSE
	EndGlobalSection
	GlobalSection(NestedProjects) = preSolution
		{BACD8D27-1445-4E7C-B3FF-B10058A89E50} = {03165CCE-4304-4DFD-935E-5B4340041C7D}
	EndGlobalSection
EndGlobal
